
Microsoft Visual Studio Solution File, Format Version 12.00
# Visual Studio Version 16
VisualStudioVersion = 16.0.32106.194
MinimumVisualStudioVersion = 10.0.40219.1
Project("{FAE04EC0-301F-11D3-BF4B-00C04F79EFBC}") = "Perceptron", "Perceptron.csproj", "{F792BB04-C005-471B-A7A3-EF4F66CFC19F}"
EndProject
Global
	GlobalSection(SolutionConfigurationPlatforms) = preSolution
		Debug|Any CPU = Debug|Any CPU
		Release|Any CPU = Release|Any CPU
	EndGlobalSection
	GlobalSection(ProjectConfigurationPlatforms) = postSolution
		{F792BB04-C005-471B-A7A3-EF4F66CFC19F}.Debug|Any CPU.ActiveCfg = Debug|Any CPU
		{F792BB04-C005-471B-A7A3-EF4F66CFC19F}.Debug|Any CPU.Build.0 = Debug|Any CPU
		{F792BB04-C005-471B-A7A3-EF4F66CFC19F}.Release|Any CPU.ActiveCfg = Release|Any CPU
		{F792BB04-C005-471B-A7A3-EF4F66CFC19F}.Release|Any CPU.Build.0 = Release|Any CPU
	EndGlobalSection
	GlobalSection(SolutionProperties) = preSolution
		HideSolutionNode = FALSE
	EndGlobalSection
	GlobalSection(ExtensibilityGlobals) = postSolution
		SolutionGuid = {2DEE1CDF-4666-4285-8A8D-B4481FF36BC1}
	EndGlobalSection
EndGlobal
